
Microsoft Visual Studio Solution File, Format Version 12.00
# Visual Studio Version 16
VisualStudioVersion = 16.0.31702.278
MinimumVisualStudioVersion = 10.0.40219.1
Project("{FAE04EC0-301F-11D3-BF4B-00C04F79EFBC}") = "Leitura-dados", "Leitura-dados\Leitura-dados.csproj", "{ADEA5D2B-A1BF-41FE-8685-85D5A82F6DBB}"
EndProject
Global
	GlobalSection(SolutionConfigurationPlatforms) = preSolution
		Debug|Any CPU = Debug|Any CPU
		Release|Any CPU = Release|Any CPU
	EndGlobalSection
	GlobalSection(ProjectConfigurationPlatforms) = postSolution
		{ADEA5D2B-A1BF-41FE-8685-85D5A82F6DBB}.Debug|Any CPU.ActiveCfg = Debug|Any CPU
		{ADEA5D2B-A1BF-41FE-8685-85D5A82F6DBB}.Debug|Any CPU.Build.0 = Debug|Any CPU
		{ADEA5D2B-A1BF-41FE-8685-85D5A82F6DBB}.Release|Any CPU.ActiveCfg = Release|Any CPU
		{ADEA5D2B-A1BF-41FE-8685-85D5A82F6DBB}.Release|Any CPU.Build.0 = Release|Any CPU
	EndGlobalSection
	GlobalSection(SolutionProperties) = preSolution
		HideSolutionNode = FALSE
	EndGlobalSection
	GlobalSection(ExtensibilityGlobals) = postSolution
		SolutionGuid = {82402DCA-0B82-4375-8ACA-A04D70E3DDA0}
	EndGlobalSection
EndGlobal
